
Microsoft Visual Studio Solution File, Format Version 12.00
# Visual Studio Version 17
VisualStudioVersion = 17.0.32014.148
MinimumVisualStudioVersion = 10.0.40219.1
Project("{9A19103F-16F7-4668-BE54-9A1E7A4F7556}") = "MenuEditor", "MenuEditor\MenuEditor.csproj", "{79D3FC62-3D55-4B7D-A619-29AA1502ADD5}"
EndProject
Project("{C7167F0D-BC9F-4E6E-AFE1-012C56B48DB5}") = "MenuEditorWap", "MenuEditorWap\MenuEditorWap.wapproj", "{393C7CE1-DAB9-4C8D-8F03-2C65E3C39CD1}"
EndProject
Global
	GlobalSection(SolutionConfigurationPlatforms) = preSolution
		Debug|Any CPU = Debug|Any CPU
		Debug|ARM = Debug|ARM
		Debug|ARM64 = Debug|ARM64
		Debug|x64 = Debug|x64
		Debug|x86 = Debug|x86
		Release|Any CPU = Release|Any CPU
		Release|ARM = Release|ARM
		Release|ARM64 = Release|ARM64
		Release|x64 = Release|x64
		Release|x86 = Release|x86
	EndGlobalSection
	GlobalSection(ProjectConfigurationPlatforms) = postSolution
		{79D3FC62-3D55-4B7D-A619-29AA1502ADD5}.Debug|Any CPU.ActiveCfg = Debug|Any CPU
		{79D3FC62-3D55-4B7D-A619-29AA1502ADD5}.Debug|Any CPU.Build.0 = Debug|Any CPU
		{79D3FC62-3D55-4B7D-A619-29AA1502ADD5}.Debug|ARM.ActiveCfg = Debug|Any CPU
		{79D3FC62-3D55-4B7D-A619-29AA1502ADD5}.Debug|ARM.Build.0 = Debug|Any CPU
		{79D3FC62-3D55-4B7D-A619-29AA1502ADD5}.Debug|ARM64.ActiveCfg = Debug|Any CPU
		{79D3FC62-3D55-4B7D-A619-29AA1502ADD5}.Debug|ARM64.Build.0 = Debug|Any CPU
		{79D3FC62-3D55-4B7D-A619-29AA1502ADD5}.Debug|x64.ActiveCfg = Debug|x64
		{79D3FC62-3D55-4B7D-A619-29AA1502ADD5}.Debug|x64.Build.0 = Debug|x64
		{79D3FC62-3D55-4B7D-A619-29AA1502ADD5}.Debug|x86.ActiveCfg = Debug|Any CPU
		{79D3FC62-3D55-4B7D-A619-29AA1502ADD5}.Debug|x86.Build.0 = Debug|Any CPU
		{79D3FC62-3D55-4B7D-A619-29AA1502ADD5}.Release|Any CPU.ActiveCfg = Release|Any CPU
		{79D3FC62-3D55-4B7D-A619-29AA1502ADD5}.Release|Any CPU.Build.0 = Release|Any CPU
		{79D3FC62-3D55-4B7D-A619-29AA1502ADD5}.Release|ARM.ActiveCfg = Release|Any CPU
		{79D3FC62-3D55-4B7D-A619-29AA1502ADD5}.Release|ARM.Build.0 = Release|Any CPU
		{79D3FC62-3D55-4B7D-A619-29AA1502ADD5}.Release|ARM64.ActiveCfg = Release|Any CPU
		{79D3FC62-3D55-4B7D-A619-29AA1502ADD5}.Release|ARM64.Build.0 = Release|Any CPU
		{79D3FC62-3D55-4B7D-A619-29AA1502ADD5}.Release|x64.ActiveCfg = Release|x64
		{79D3FC62-3D55-4B7D-A619-29AA1502ADD5}.Release|x64.Build.0 = Release|x64
		{79D3FC62-3D55-4B7D-A619-29AA1502ADD5}.Release|x86.ActiveCfg = Release|Any CPU
		{79D3FC62-3D55-4B7D-A619-29AA1502ADD5}.Release|x86.Build.0 = Release|Any CPU
		{393C7CE1-DAB9-4C8D-8F03-2C65E3C39CD1}.Debug|Any CPU.ActiveCfg = Debug|Any CPU
		{393C7CE1-DAB9-4C8D-8F03-2C65E3C39CD1}.Debug|Any CPU.Build.0 = Debug|Any CPU
		{393C7CE1-DAB9-4C8D-8F03-2C65E3C39CD1}.Debug|Any CPU.Deploy.0 = Debug|Any CPU
		{393C7CE1-DAB9-4C8D-8F03-2C65E3C39CD1}.Debug|ARM.ActiveCfg = Debug|ARM
		{393C7CE1-DAB9-4C8D-8F03-2C65E3C39CD1}.Debug|ARM.Build.0 = Debug|ARM
		{393C7CE1-DAB9-4C8D-8F03-2C65E3C39CD1}.Debug|ARM.Deploy.0 = Debug|ARM
		{393C7CE1-DAB9-4C8D-8F03-2C65E3C39CD1}.Debug|ARM64.ActiveCfg = Debug|ARM64
		{393C7CE1-DAB9-4C8D-8F03-2C65E3C39CD1}.Debug|ARM64.Build.0 = Debug|ARM64
		{393C7CE1-DAB9-4C8D-8F03-2C65E3C39CD1}.Debug|ARM64.Deploy.0 = Debug|ARM64
		{393C7CE1-DAB9-4C8D-8F03-2C65E3C39CD1}.Debug|x64.ActiveCfg = Debug|x64
		{393C7CE1-DAB9-4C8D-8F03-2C65E3C39CD1}.Debug|x64.Build.0 = Debug|x64
		{393C7CE1-DAB9-4C8D-8F03-2C65E3C39CD1}.Debug|x64.Deploy.0 = Debug|x64
		{393C7CE1-DAB9-4C8D-8F03-2C65E3C39CD1}.Debug|x86.ActiveCfg = Debug|x86
		{393C7CE1-DAB9-4C8D-8F03-2C65E3C39CD1}.Debug|x86.Build.0 = Debug|x86
		{393C7CE1-DAB9-4C8D-8F03-2C65E3C39CD1}.Debug|x86.Deploy.0 = Debug|x86
		{393C7CE1-DAB9-4C8D-8F03-2C65E3C39CD1}.Release|Any CPU.ActiveCfg = Release|Any CPU
		{393C7CE1-DAB9-4C8D-8F03-2C65E3C39CD1}.Release|Any CPU.Build.0 = Release|Any CPU
		{393C7CE1-DAB9-4C8D-8F03-2C65E3C39CD1}.Release|Any CPU.Deploy.0 = Release|Any CPU
		{393C7CE1-DAB9-4C8D-8F03-2C65E3C39CD1}.Release|ARM.ActiveCfg = Release|ARM
		{393C7CE1-DAB9-4C8D-8F03-2C65E3C39CD1}.Release|ARM.Build.0 = Release|ARM
		{393C7CE1-DAB9-4C8D-8F03-2C65E3C39CD1}.Release|ARM.Deploy.0 = Release|ARM
		{393C7CE1-DAB9-4C8D-8F03-2C65E3C39CD1}.Release|ARM64.ActiveCfg = Release|ARM64
		{393C7CE1-DAB9-4C8D-8F03-2C65E3C39CD1}.Release|ARM64.Build.0 = Release|ARM64
		{393C7CE1-DAB9-4C8D-8F03-2C65E3C39CD1}.Release|ARM64.Deploy.0 = Release|ARM64
		{393C7CE1-DAB9-4C8D-8F03-2C65E3C39CD1}.Release|x64.ActiveCfg = Release|x64
		{393C7CE1-DAB9-4C8D-8F03-2C65E3C39CD1}.Release|x64.Build.0 = Release|x64
		{393C7CE1-DAB9-4C8D-8F03-2C65E3C39CD1}.Release|x64.Deploy.0 = Release|x64
		{393C7CE1-DAB9-4C8D-8F03-2C65E3C39CD1}.Release|x86.ActiveCfg = Release|x86
		{393C7CE1-DAB9-4C8D-8F03-2C65E3C39CD1}.Release|x86.Build.0 = Release|x86
		{393C7CE1-DAB9-4C8D-8F03-2C65E3C39CD1}.Release|x86.Deploy.0 = Release|x86
	EndGlobalSection
	GlobalSection(SolutionProperties) = preSolution
		HideSolutionNode = FALSE
	EndGlobalSection
	GlobalSection(ExtensibilityGlobals) = postSolution
		SolutionGuid = {4BC5AFD5-4555-4C6A-8713-53D8A1A8B45E}
	EndGlobalSection
EndGlobal
